
Microsoft Visual Studio Solution File, Format Version 12.00
# Visual Studio 15
VisualStudioVersion = 15.0.26430.6
MinimumVisualStudioVersion = 10.0.40219.1
Project("{FAE04EC0-301F-11D3-BF4B-00C04F79EFBC}") = "ExampleWebApi1", "ExampleWebApi1\ExampleWebApi1.csproj", "{94538904-2711-4C0B-AD93-0F3481EA25EE}"
EndProject
Project("{FAE04EC0-301F-11D3-BF4B-00C04F79EFBC}") = "ExampleWebApiMvc", "ExampleWebApiMvc\ExampleWebApiMvc.csproj", "{083E9C35-088E-4D36-A7CF-5F2767BA589B}"
EndProject
Project("{FAE04EC0-301F-11D3-BF4B-00C04F79EFBC}") = "WebApi-Miniprofiler-Swagger", "WebApi-Miniprofiler-Swagger\WebApi-Miniprofiler-Swagger.csproj", "{373B6537-DFD5-46D5-BB04-F16DA9A4A247}"
EndProject
Global
	GlobalSection(SolutionConfigurationPlatforms) = preSolution
		Debug|Any CPU = Debug|Any CPU
		Release|Any CPU = Release|Any CPU
	EndGlobalSection
	GlobalSection(ProjectConfigurationPlatforms) = postSolution
		{94538904-2711-4C0B-AD93-0F3481EA25EE}.Debug|Any CPU.ActiveCfg = Debug|Any CPU
		{94538904-2711-4C0B-AD93-0F3481EA25EE}.Debug|Any CPU.Build.0 = Debug|Any CPU
		{94538904-2711-4C0B-AD93-0F3481EA25EE}.Release|Any CPU.ActiveCfg = Release|Any CPU
		{94538904-2711-4C0B-AD93-0F3481EA25EE}.Release|Any CPU.Build.0 = Release|Any CPU
		{083E9C35-088E-4D36-A7CF-5F2767BA589B}.Debug|Any CPU.ActiveCfg = Debug|Any CPU
		{083E9C35-088E-4D36-A7CF-5F2767BA589B}.Debug|Any CPU.Build.0 = Debug|Any CPU
		{083E9C35-088E-4D36-A7CF-5F2767BA589B}.Release|Any CPU.ActiveCfg = Release|Any CPU
		{083E9C35-088E-4D36-A7CF-5F2767BA589B}.Release|Any CPU.Build.0 = Release|Any CPU
		{373B6537-DFD5-46D5-BB04-F16DA9A4A247}.Debug|Any CPU.ActiveCfg = Debug|Any CPU
		{373B6537-DFD5-46D5-BB04-F16DA9A4A247}.Debug|Any CPU.Build.0 = Debug|Any CPU
		{373B6537-DFD5-46D5-BB04-F16DA9A4A247}.Release|Any CPU.ActiveCfg = Release|Any CPU
		{373B6537-DFD5-46D5-BB04-F16DA9A4A247}.Release|Any CPU.Build.0 = Release|Any CPU
	EndGlobalSection
	GlobalSection(SolutionProperties) = preSolution
		HideSolutionNode = FALSE
	EndGlobalSection
EndGlobal
